
Microsoft Visual Studio Solution File, Format Version 12.00
# Visual Studio Version 17
VisualStudioVersion = 17.0.31919.166
MinimumVisualStudioVersion = 16.0.0.0
Project("{2150E333-8FDC-42A3-9474-1A3956D46DE8}") = "Other", "Other", "{CD345AA7-9650-4A53-ADCC-2179C558DE15}"
EndProject
Project("{2150E333-8FDC-42A3-9474-1A3956D46DE8}") = "UI", "UI", "{12ED30DD-59A6-4031-9279-608DF6965B11}"
EndProject
Project("{9A19103F-16F7-4668-BE54-9A1E7A4F7556}") = "DragAndDrop.Windows", "UI\DragAndDrop\DragAndDrop.Windows\DragAndDrop.Windows.csproj", "{43C9B699-FF1A-4609-8AC7-168524721057}"
EndProject
Project("{9A19103F-16F7-4668-BE54-9A1E7A4F7556}") = "DragAndDrop", "UI\DragAndDrop\DragAndDrop\DragAndDrop.csproj", "{9B1C9870-1FBF-486D-B478-7ADE9806D1F4}"
EndProject
Project("{2150E333-8FDC-42A3-9474-1A3956D46DE8}") = "Solution Items", "Solution Items", "{5045D401-07FD-4918-AA58-02BA61C054B6}"
	ProjectSection(SolutionItems) = preProject
		README.md = README.md
	EndProjectSection
EndProject
Project("{9A19103F-16F7-4668-BE54-9A1E7A4F7556}") = "Minimal", "Other\Minimal\Minimal\Minimal.csproj", "{5D6EF792-E359-4EB6-8CE5-C416BDC5451F}"
EndProject
Project("{9A19103F-16F7-4668-BE54-9A1E7A4F7556}") = "PerformanceTests", "Other\PerformanceTests\PerformanceTests.csproj", "{6E45DCA6-BAFE-42F5-9E98-F834E4EBE6BE}"
EndProject
Project("{9A19103F-16F7-4668-BE54-9A1E7A4F7556}") = "Stride.GameDefaults", "..\stride-code-only\src\Stride.GameDefaults\Stride.GameDefaults.csproj", "{D1DB3C59-6475-463E-9243-502F2B26624E}"
EndProject
Global
	GlobalSection(SolutionConfigurationPlatforms) = preSolution
		Debug|Any CPU = Debug|Any CPU
		Release|Any CPU = Release|Any CPU
	EndGlobalSection
	GlobalSection(ProjectConfigurationPlatforms) = postSolution
		{43C9B699-FF1A-4609-8AC7-168524721057}.Debug|Any CPU.ActiveCfg = Debug|Any CPU
		{43C9B699-FF1A-4609-8AC7-168524721057}.Debug|Any CPU.Build.0 = Debug|Any CPU
		{43C9B699-FF1A-4609-8AC7-168524721057}.Release|Any CPU.ActiveCfg = Release|Any CPU
		{43C9B699-FF1A-4609-8AC7-168524721057}.Release|Any CPU.Build.0 = Release|Any CPU
		{9B1C9870-1FBF-486D-B478-7ADE9806D1F4}.Debug|Any CPU.ActiveCfg = Debug|Any CPU
		{9B1C9870-1FBF-486D-B478-7ADE9806D1F4}.Debug|Any CPU.Build.0 = Debug|Any CPU
		{9B1C9870-1FBF-486D-B478-7ADE9806D1F4}.Release|Any CPU.ActiveCfg = Release|Any CPU
		{9B1C9870-1FBF-486D-B478-7ADE9806D1F4}.Release|Any CPU.Build.0 = Release|Any CPU
		{5D6EF792-E359-4EB6-8CE5-C416BDC5451F}.Debug|Any CPU.ActiveCfg = Debug|Any CPU
		{5D6EF792-E359-4EB6-8CE5-C416BDC5451F}.Debug|Any CPU.Build.0 = Debug|Any CPU
		{5D6EF792-E359-4EB6-8CE5-C416BDC5451F}.Release|Any CPU.ActiveCfg = Release|Any CPU
		{5D6EF792-E359-4EB6-8CE5-C416BDC5451F}.Release|Any CPU.Build.0 = Release|Any CPU
		{6E45DCA6-BAFE-42F5-9E98-F834E4EBE6BE}.Debug|Any CPU.ActiveCfg = Debug|Any CPU
		{6E45DCA6-BAFE-42F5-9E98-F834E4EBE6BE}.Debug|Any CPU.Build.0 = Debug|Any CPU
		{6E45DCA6-BAFE-42F5-9E98-F834E4EBE6BE}.Release|Any CPU.ActiveCfg = Release|Any CPU
		{6E45DCA6-BAFE-42F5-9E98-F834E4EBE6BE}.Release|Any CPU.Build.0 = Release|Any CPU
		{D1DB3C59-6475-463E-9243-502F2B26624E}.Debug|Any CPU.ActiveCfg = Debug|Any CPU
		{D1DB3C59-6475-463E-9243-502F2B26624E}.Debug|Any CPU.Build.0 = Debug|Any CPU
		{D1DB3C59-6475-463E-9243-502F2B26624E}.Release|Any CPU.ActiveCfg = Release|Any CPU
		{D1DB3C59-6475-463E-9243-502F2B26624E}.Release|Any CPU.Build.0 = Release|Any CPU
	EndGlobalSection
	GlobalSection(SolutionProperties) = preSolution
		HideSolutionNode = FALSE
	EndGlobalSection
	GlobalSection(NestedProjects) = preSolution
		{43C9B699-FF1A-4609-8AC7-168524721057} = {12ED30DD-59A6-4031-9279-608DF6965B11}
		{9B1C9870-1FBF-486D-B478-7ADE9806D1F4} = {12ED30DD-59A6-4031-9279-608DF6965B11}
		{5D6EF792-E359-4EB6-8CE5-C416BDC5451F} = {CD345AA7-9650-4A53-ADCC-2179C558DE15}
		{6E45DCA6-BAFE-42F5-9E98-F834E4EBE6BE} = {CD345AA7-9650-4A53-ADCC-2179C558DE15}
	EndGlobalSection
	GlobalSection(ExtensibilityGlobals) = postSolution
		SolutionGuid = {0ED49091-3A6C-4E5B-B672-45A770917BC3}
	EndGlobalSection
EndGlobal
